
Microsoft Visual Studio Solution File, Format Version 12.00
# Visual Studio Version 17
VisualStudioVersion = 17.7.34031.279
MinimumVisualStudioVersion = 10.0.40219.1
Project("{FAE04EC0-301F-11D3-BF4B-00C04F79EFBC}") = "MasterKnob", "MasterKnob\MasterKnob.csproj", "{9899C52D-6EC0-4BA2-B65C-2E544BB22A0E}"
EndProject
Global
	GlobalSection(SolutionConfigurationPlatforms) = preSolution
		Debug|Any CPU = Debug|Any CPU
		Release|Any CPU = Release|Any CPU
	EndGlobalSection
	GlobalSection(ProjectConfigurationPlatforms) = postSolution
		{9899C52D-6EC0-4BA2-B65C-2E544BB22A0E}.Debug|Any CPU.ActiveCfg = Debug|Any CPU
		{9899C52D-6EC0-4BA2-B65C-2E544BB22A0E}.Debug|Any CPU.Build.0 = Debug|Any CPU
		{9899C52D-6EC0-4BA2-B65C-2E544BB22A0E}.Release|Any CPU.ActiveCfg = Release|Any CPU
		{9899C52D-6EC0-4BA2-B65C-2E544BB22A0E}.Release|Any CPU.Build.0 = Release|Any CPU
	EndGlobalSection
	GlobalSection(SolutionProperties) = preSolution
		HideSolutionNode = FALSE
	EndGlobalSection
	GlobalSection(ExtensibilityGlobals) = postSolution
		SolutionGuid = {5ABAD0BE-D4DE-40BC-94EE-D8FF3CC8DCB0}
	EndGlobalSection
EndGlobal
